<?xml version="1.0" encoding="utf-8"?>
<Project ToolsVersion="4.0" xmlns="http://schemas.microsoft.com/developer/msbuild/2003">
  <ItemGroup>
    <Filter Include="source">
      <UniqueIdentifier>{4FC737F1-C7A5-4376-A066-2A32D752A2FF}</UniqueIdentifier>
      <Extensions>cpp;c;cc;cxx;def;odl;idl;hpj;bat;asm;asmx</Extensions>
    </Filter>
  </ItemGroup>
  <ItemGroup>
    <ClCompile Include="actor.cpp">
      <Filter>source</Filter>
    </ClCompile>
    <ClCompile Include="game.cpp">
      <Filter>source</Filter>
    </ClCompile>
    <ClCompile Include="main.cpp">
      <Filter>source</Filter>
    </ClCompile>
    <ClCompile Include="player.cpp">
      <Filter>source</Filter>
    </ClCompile>
    <ClCompile Include="sample.cpp">
      <Filter>source</Filter>
    </ClCompile>
    <ClCompile Include="scene.cpp">
      <Filter>source</Filter>
    </ClCompile>
    <ClCompile Include="missile.cpp">
      <Filter>source</Filter>
    </ClCompile>
    <ClCompile Include="enemy.cpp">
      <Filter>source</Filter>
    </ClCompile>
    <ClCompile Include="emitter.cpp">
      <Filter>source</Filter>
    </ClCompile>
  </ItemGroup>
  <ItemGroup>
    <ClInclude Include="actor.h">
      <Filter>source</Filter>
    </ClInclude>
    <ClInclude Include="game.h">
      <Filter>source</Filter>
    </ClInclude>
    <ClInclude Include="player.h">
      <Filter>source</Filter>
    </ClInclude>
    <ClInclude Include="scene.h">
      <Filter>source</Filter>
    </ClInclude>
    <ClInclude Include="missile.h">
      <Filter>source</Filter>
    </ClInclude>
    <ClInclude Include="enemy.h">
      <Filter>source</Filter>
    </ClInclude>
    <ClInclude Include="emitter.h">
      <Filter>source</Filter>
    </ClInclude>
  </ItemGroup>
</Project>